// !$*UTF8*$!
{
	archiveVersion = 1;
	classes = {
	};
	objectVersion = 50;
	objects = {

/* Begin PBXBuildFile section */
		A51A9EAC26E5D306003213EC /* PaginaInicioView.swift in Sources */ = {isa = PBXBuildFile; fileRef = A51A9EAB26E5D306003213EC /* PaginaInicioView.swift */; };
		A51A9EB026E5D6AE003213EC /* CardView.swift in Sources */ = {isa = PBXBuildFile; fileRef = A51A9EAF26E5D6AE003213EC /* CardView.swift */; };
		E64642A626E67F8D005C3DCD /* RestauranteView.swift in Sources */ = {isa = PBXBuildFile; fileRef = E64642A526E67F8D005C3DCD /* RestauranteView.swift */; };
		E6D1947F26E2A96B001BFA02 /* ProyectoMARCOApp.swift in Sources */ = {isa = PBXBuildFile; fileRef = E6D1947E26E2A96B001BFA02 /* ProyectoMARCOApp.swift */; };
		E6D1948126E2A96B001BFA02 /* MainView.swift in Sources */ = {isa = PBXBuildFile; fileRef = E6D1948026E2A96B001BFA02 /* MainView.swift */; };
		E6D1948326E2A96E001BFA02 /* Assets.xcassets in Resources */ = {isa = PBXBuildFile; fileRef = E6D1948226E2A96E001BFA02 /* Assets.xcassets */; };
		E6D1948626E2A96E001BFA02 /* Preview Assets.xcassets in Resources */ = {isa = PBXBuildFile; fileRef = E6D1948526E2A96E001BFA02 /* Preview Assets.xcassets */; };
/* End PBXBuildFile section */

/* Begin PBXFileReference section */
		A51A9EAB26E5D306003213EC /* PaginaInicioView.swift */ = {isa = PBXFileReference; lastKnownFileType = sourcecode.swift; path = PaginaInicioView.swift; sourceTree = "<group>"; };
		A51A9EAF26E5D6AE003213EC /* CardView.swift */ = {isa = PBXFileReference; lastKnownFileType = sourcecode.swift; path = CardView.swift; sourceTree = "<group>"; };
		E64642A526E67F8D005C3DCD /* RestauranteView.swift */ = {isa = PBXFileReference; lastKnownFileType = sourcecode.swift; path = RestauranteView.swift; sourceTree = "<group>"; };
		E6D1947B26E2A96B001BFA02 /* ProyectoMARCO.app */ = {isa = PBXFileReference; explicitFileType = wrapper.application; includeInIndex = 0; path = ProyectoMARCO.app; sourceTree = BUILT_PRODUCTS_DIR; };
		E6D1947E26E2A96B001BFA02 /* ProyectoMARCOApp.swift */ = {isa = PBXFileReference; lastKnownFileType = sourcecode.swift; path = ProyectoMARCOApp.swift; sourceTree = "<group>"; };
		E6D1948026E2A96B001BFA02 /* MainView.swift */ = {isa = PBXFileReference; lastKnownFileType = sourcecode.swift; path = MainView.swift; sourceTree = "<group>"; };
		E6D1948226E2A96E001BFA02 /* Assets.xcassets */ = {isa = PBXFileReference; lastKnownFileType = folder.assetcatalog; path = Assets.xcassets; sourceTree = "<group>"; };
		E6D1948526E2A96E001BFA02 /* Preview Assets.xcassets */ = {isa = PBXFileReference; lastKnownFileType = folder.assetcatalog; path = "Preview Assets.xcassets"; sourceTree = "<group>"; };
		E6D1948726E2A96E001BFA02 /* Info.plist */ = {isa = PBXFileReference; lastKnownFileType = text.plist.xml; path = Info.plist; sourceTree = "<group>"; };
/* End PBXFileReference section */

/* Begin PBXFrameworksBuildPhase section */
		E6D1947826E2A96B001BFA02 /* Frameworks */ = {
			isa = PBXFrameworksBuildPhase;
			buildActionMask = 2147483647;
			files = (
			);
			runOnlyForDeploymentPostprocessing = 0;
		};
/* End PBXFrameworksBuildPhase section */

/* Begin PBXGroup section */
		A51A9EAA26E5D288003213EC /* PaginaInicio */ = {
			isa = PBXGroup;
			children = (
				A51A9EAB26E5D306003213EC /* PaginaInicioView.swift */,
				A51A9EAF26E5D6AE003213EC /* CardView.swift */,
			);
			path = PaginaInicio;
			sourceTree = "<group>";
		};
		E64642A426E67F7E005C3DCD /* Restaurante */ = {
			isa = PBXGroup;
			children = (
				E64642A526E67F8D005C3DCD /* RestauranteView.swift */,
			);
			path = Restaurante;
			sourceTree = "<group>";
		};
		E6D1947226E2A96B001BFA02 = {
			isa = PBXGroup;
			children = (
				E6D1947D26E2A96B001BFA02 /* ProyectoMARCO */,
				E6D1947C26E2A96B001BFA02 /* Products */,
			);
			sourceTree = "<group>";
		};
		E6D1947C26E2A96B001BFA02 /* Products */ = {
			isa = PBXGroup;
			children = (
				E6D1947B26E2A96B001BFA02 /* ProyectoMARCO.app */,
			);
			name = Products;
			sourceTree = "<group>";
		};
		E6D1947D26E2A96B001BFA02 /* ProyectoMARCO */ = {
			isa = PBXGroup;
			children = (
				A51A9EAA26E5D288003213EC /* PaginaInicio */,
				E64642A426E67F7E005C3DCD /* Restaurante */,
				E6D1947E26E2A96B001BFA02 /* ProyectoMARCOApp.swift */,
				E6D1948026E2A96B001BFA02 /* MainView.swift */,
				E6D1948226E2A96E001BFA02 /* Assets.xcassets */,
				E6D1948726E2A96E001BFA02 /* Info.plist */,
				E6D1948426E2A96E001BFA02 /* Preview Content */,
			);
			path = ProyectoMARCO;
			sourceTree = "<group>";
		};
		E6D1948426E2A96E001BFA02 /* Preview Content */ = {
			isa = PBXGroup;
			children = (
				E6D1948526E2A96E001BFA02 /* Preview Assets.xcassets */,
			);
			path = "Preview Content";
			sourceTree = "<group>";
		};
/* End PBXGroup section */

/* Begin PBXNativeTarget section */
		E6D1947A26E2A96B001BFA02 /* ProyectoMARCO */ = {
			isa = PBXNativeTarget;
			buildConfigurationList = E6D1948A26E2A96E001BFA02 /* Build configuration list for PBXNativeTarget "ProyectoMARCO" */;
			buildPhases = (
				E6D1947726E2A96B001BFA02 /* Sources */,
				E6D1947826E2A96B001BFA02 /* Frameworks */,
				E6D1947926E2A96B001BFA02 /* Resources */,
			);
			buildRules = (
			);
			dependencies = (
			);
			name = ProyectoMARCO;
			productName = ProyectoMARCO;
			productReference = E6D1947B26E2A96B001BFA02 /* ProyectoMARCO.app */;
			productType = "com.apple.product-type.application";
		};
/* End PBXNativeTarget section */

/* Begin PBXProject section */
		E6D1947326E2A96B001BFA02 /* Project object */ = {
			isa = PBXProject;
			attributes = {
				LastSwiftUpdateCheck = 1250;
				LastUpgradeCheck = 1250;
				TargetAttributes = {
					E6D1947A26E2A96B001BFA02 = {
						CreatedOnToolsVersion = 12.5.1;
					};
				};
			};
			buildConfigurationList = E6D1947626E2A96B001BFA02 /* Build configuration list for PBXProject "ProyectoMARCO" */;
			compatibilityVersion = "Xcode 9.3";
			developmentRegion = en;
			hasScannedForEncodings = 0;
			knownRegions = (
				en,
				Base,
			);
			mainGroup = E6D1947226E2A96B001BFA02;
			productRefGroup = E6D1947C26E2A96B001BFA02 /* Products */;
			projectDirPath = "";
			projectRoot = "";
			targets = (
				E6D1947A26E2A96B001BFA02 /* ProyectoMARCO */,
			);
		};
/* End PBXProject section */

/* Begin PBXResourcesBuildPhase section */
		E6D1947926E2A96B001BFA02 /* Resources */ = {
			isa = PBXResourcesBuildPhase;
			buildActionMask = 2147483647;
			files = (
				E6D1948626E2A96E001BFA02 /* Preview Assets.xcassets in Resources */,
				E6D1948326E2A96E001BFA02 /* Assets.xcassets in Resources */,
			);
			runOnlyForDeploymentPostprocessing = 0;
		};
/* End PBXResourcesBuildPhase section */

/* Begin PBXSourcesBuildPhase section */
		E6D1947726E2A96B001BFA02 /* Sources */ = {
			isa = PBXSourcesBuildPhase;
			buildActionMask = 2147483647;
			files = (
				E6D1948126E2A96B001BFA02 /* MainView.swift in Sources */,
				E6D1948126E2A96B001BFA02 /* MainView.swift in Sources */,
				E64642A626E67F8D005C3DCD /* RestauranteView.swift in Sources */,
				E6D1947F26E2A96B001BFA02 /* ProyectoMARCOApp.swift in Sources */,
				A51A9EB026E5D6AE003213EC /* CardView.swift in Sources */,
				A51A9EAC26E5D306003213EC /* PaginaInicioView.swift in Sources */,
			);
			runOnlyForDeploymentPostprocessing = 0;
		};
/* End PBXSourcesBuildPhase section */

/* Begin XCBuildConfiguration section */
		E6D1948826E2A96E001BFA02 /* Debug */ = {
			isa = XCBuildConfiguration;
			buildSettings = {
				ALWAYS_SEARCH_USER_PATHS = NO;
				CLANG_ANALYZER_NONNULL = YES;
				CLANG_ANALYZER_NUMBER_OBJECT_CONVERSION = YES_AGGRESSIVE;
				CLANG_CXX_LANGUAGE_STANDARD = "gnu++14";
				CLANG_CXX_LIBRARY = "libc++";
				CLANG_ENABLE_MODULES = YES;
				CLANG_ENABLE_OBJC_ARC = YES;
				CLANG_ENABLE_OBJC_WEAK = YES;
				CLANG_WARN_BLOCK_CAPTURE_AUTORELEASING = YES;
				CLANG_WARN_BOOL_CONVERSION = YES;
				CLANG_WARN_COMMA = YES;
				CLANG_WARN_CONSTANT_CONVERSION = YES;
				CLANG_WARN_DEPRECATED_OBJC_IMPLEMENTATIONS = YES;
				CLANG_WARN_DIRECT_OBJC_ISA_USAGE = YES_ERROR;
				CLANG_WARN_DOCUMENTATION_COMMENTS = YES;
				CLANG_WARN_EMPTY_BODY = YES;
				CLANG_WARN_ENUM_CONVERSION = YES;
				CLANG_WARN_INFINITE_RECURSION = YES;
				CLANG_WARN_INT_CONVERSION = YES;
				CLANG_WARN_NON_LITERAL_NULL_CONVERSION = YES;
				CLANG_WARN_OBJC_IMPLICIT_RETAIN_SELF = YES;
				CLANG_WARN_OBJC_LITERAL_CONVERSION = YES;
				CLANG_WARN_OBJC_ROOT_CLASS = YES_ERROR;
				CLANG_WARN_QUOTED_INCLUDE_IN_FRAMEWORK_HEADER = YES;
				CLANG_WARN_RANGE_LOOP_ANALYSIS = YES;
				CLANG_WARN_STRICT_PROTOTYPES = YES;
				CLANG_WARN_SUSPICIOUS_MOVE = YES;
				CLANG_WARN_UNGUARDED_AVAILABILITY = YES_AGGRESSIVE;
				CLANG_WARN_UNREACHABLE_CODE = YES;
				CLANG_WARN__DUPLICATE_METHOD_MATCH = YES;
				COPY_PHASE_STRIP = NO;
				DEBUG_INFORMATION_FORMAT = dwarf;
				ENABLE_STRICT_OBJC_MSGSEND = YES;
				ENABLE_TESTABILITY = YES;
				GCC_C_LANGUAGE_STANDARD = gnu11;
				GCC_DYNAMIC_NO_PIC = NO;
				GCC_NO_COMMON_BLOCKS = YES;
				GCC_OPTIMIZATION_LEVEL = 0;
				GCC_PREPROCESSOR_DEFINITIONS = (
					"DEBUG=1",
					"$(inherited)",
				);
				GCC_WARN_64_TO_32_BIT_CONVERSION = YES;
				GCC_WARN_ABOUT_RETURN_TYPE = YES_ERROR;
				GCC_WARN_UNDECLARED_SELECTOR = YES;
				GCC_WARN_UNINITIALIZED_AUTOS = YES_AGGRESSIVE;
				GCC_WARN_UNUSED_FUNCTION = YES;
				GCC_WARN_UNUSED_VARIABLE = YES;
				IPHONEOS_DEPLOYMENT_TARGET = 14.5;
				MTL_ENABLE_DEBUG_INFO = INCLUDE_SOURCE;
				MTL_FAST_MATH = YES;
				ONLY_ACTIVE_ARCH = YES;
				SDKROOT = iphoneos;
				SWIFT_ACTIVE_COMPILATION_CONDITIONS = DEBUG;
				SWIFT_OPTIMIZATION_LEVEL = "-Onone";
			};
			name = Debug;
		};
		E6D1948926E2A96E001BFA02 /* Release */ = {
			isa = XCBuildConfiguration;
			buildSettings = {
				ALWAYS_SEARCH_USER_PATHS = NO;
				CLANG_ANALYZER_NONNULL = YES;
				CLANG_ANALYZER_NUMBER_OBJECT_CONVERSION = YES_AGGRESSIVE;
				CLANG_CXX_LANGUAGE_STANDARD = "gnu++14";
				CLANG_CXX_LIBRARY = "libc++";
				CLANG_ENABLE_MODULES = YES;
				CLANG_ENABLE_OBJC_ARC = YES;
				CLANG_ENABLE_OBJC_WEAK = YES;
				CLANG_WARN_BLOCK_CAPTURE_AUTORELEASING = YES;
				CLANG_WARN_BOOL_CONVERSION = YES;
				CLANG_WARN_COMMA = YES;
				CLANG_WARN_CONSTANT_CONVERSION = YES;
				CLANG_WARN_DEPRECATED_OBJC_IMPLEMENTATIONS = YES;
				CLANG_WARN_DIRECT_OBJC_ISA_USAGE = YES_ERROR;
				CLANG_WARN_DOCUMENTATION_COMMENTS = YES;
				CLANG_WARN_EMPTY_BODY = YES;
				CLANG_WARN_ENUM_CONVERSION = YES;
				CLANG_WARN_INFINITE_RECURSION = YES;
				CLANG_WARN_INT_CONVERSION = YES;
				CLANG_WARN_NON_LITERAL_NULL_CONVERSION = YES;
				CLANG_WARN_OBJC_IMPLICIT_RETAIN_SELF = YES;
				CLANG_WARN_OBJC_LITERAL_CONVERSION = YES;
				CLANG_WARN_OBJC_ROOT_CLASS = YES_ERROR;
				CLANG_WARN_QUOTED_INCLUDE_IN_FRAMEWORK_HEADER = YES;
				CLANG_WARN_RANGE_LOOP_ANALYSIS = YES;
				CLANG_WARN_STRICT_PROTOTYPES = YES;
				CLANG_WARN_SUSPICIOUS_MOVE = YES;
				CLANG_WARN_UNGUARDED_AVAILABILITY = YES_AGGRESSIVE;
				CLANG_WARN_UNREACHABLE_CODE = YES;
				CLANG_WARN__DUPLICATE_METHOD_MATCH = YES;
				COPY_PHASE_STRIP = NO;
				DEBUG_INFORMATION_FORMAT = "dwarf-with-dsym";
				ENABLE_NS_ASSERTIONS = NO;
				ENABLE_STRICT_OBJC_MSGSEND = YES;
				GCC_C_LANGUAGE_STANDARD = gnu11;
				GCC_NO_COMMON_BLOCKS = YES;
				GCC_WARN_64_TO_32_BIT_CONVERSION = YES;
				GCC_WARN_ABOUT_RETURN_TYPE = YES_ERROR;
				GCC_WARN_UNDECLARED_SELECTOR = YES;
				GCC_WARN_UNINITIALIZED_AUTOS = YES_AGGRESSIVE;
				GCC_WARN_UNUSED_FUNCTION = YES;
				GCC_WARN_UNUSED_VARIABLE = YES;
				IPHONEOS_DEPLOYMENT_TARGET = 14.5;
				MTL_ENABLE_DEBUG_INFO = NO;
				MTL_FAST_MATH = YES;
				SDKROOT = iphoneos;
				SWIFT_COMPILATION_MODE = wholemodule;
				SWIFT_OPTIMIZATION_LEVEL = "-O";
				VALIDATE_PRODUCT = YES;
			};
			name = Release;
		};
		E6D1948B26E2A96E001BFA02 /* Debug */ = {
			isa = XCBuildConfiguration;
			buildSettings = {
				ASSETCATALOG_COMPILER_APPICON_NAME = AppIcon;
				ASSETCATALOG_COMPILER_GLOBAL_ACCENT_COLOR_NAME = AccentColor;
				CODE_SIGN_STYLE = Automatic;
				DEVELOPMENT_ASSET_PATHS = "\"ProyectoMARCO/Preview Content\"";
				DEVELOPMENT_TEAM = 54VG57FWUU;
				ENABLE_PREVIEWS = YES;
				INFOPLIST_FILE = ProyectoMARCO/Info.plist;
				IPHONEOS_DEPLOYMENT_TARGET = 14.0;
				LD_RUNPATH_SEARCH_PATHS = (
					"$(inherited)",
					"@executable_path/Frameworks",
				);
				PRODUCT_BUNDLE_IDENTIFIER = alextorres.ProyectoMARCO;
				PRODUCT_NAME = "$(TARGET_NAME)";
				SWIFT_VERSION = 5.0;
				TARGETED_DEVICE_FAMILY = "1,2";
			};
			name = Debug;
		};
		E6D1948C26E2A96E001BFA02 /* Release */ = {
			isa = XCBuildConfiguration;
			buildSettings = {
				ASSETCATALOG_COMPILER_APPICON_NAME = AppIcon;
				ASSETCATALOG_COMPILER_GLOBAL_ACCENT_COLOR_NAME = AccentColor;
				CODE_SIGN_STYLE = Automatic;
				DEVELOPMENT_ASSET_PATHS = "\"ProyectoMARCO/Preview Content\"";
				DEVELOPMENT_TEAM = 54VG57FWUU;
				ENABLE_PREVIEWS = YES;
				INFOPLIST_FILE = ProyectoMARCO/Info.plist;
				IPHONEOS_DEPLOYMENT_TARGET = 14.0;
				LD_RUNPATH_SEARCH_PATHS = (
					"$(inherited)",
					"@executable_path/Frameworks",
				);
				PRODUCT_BUNDLE_IDENTIFIER = alextorres.ProyectoMARCO;
				PRODUCT_NAME = "$(TARGET_NAME)";
				SWIFT_VERSION = 5.0;
				TARGETED_DEVICE_FAMILY = "1,2";
			};
			name = Release;
		};
/* End XCBuildConfiguration section */

/* Begin XCConfigurationList section */
		E6D1947626E2A96B001BFA02 /* Build configuration list for PBXProject "ProyectoMARCO" */ = {
			isa = XCConfigurationList;
			buildConfigurations = (
				E6D1948826E2A96E001BFA02 /* Debug */,
				E6D1948926E2A96E001BFA02 /* Release */,
			);
			defaultConfigurationIsVisible = 0;
			defaultConfigurationName = Release;
		};
		E6D1948A26E2A96E001BFA02 /* Build configuration list for PBXNativeTarget "ProyectoMARCO" */ = {
			isa = XCConfigurationList;
			buildConfigurations = (
				E6D1948B26E2A96E001BFA02 /* Debug */,
				E6D1948C26E2A96E001BFA02 /* Release */,
			);
			defaultConfigurationIsVisible = 0;
			defaultConfigurationName = Release;
		};
/* End XCConfigurationList section */
	};
	rootObject = E6D1947326E2A96B001BFA02 /* Project object */;
}
