// !$*UTF8*$!
{
	archiveVersion = 1;
	classes = {
	};
	objectVersion = 50;
	objects = {

/* Begin PBXBuildFile section */
		6B194ACD2721FE3B00D2F896 /* WebService.swift in Sources */ = {isa = PBXBuildFile; fileRef = 6B194ACC2721FE3B00D2F896 /* WebService.swift */; };
		6B7BAA5326E7E05A00150849 /* PaginaLoginView.swift in Sources */ = {isa = PBXBuildFile; fileRef = 6B7BAA5226E7E05A00150849 /* PaginaLoginView.swift */; };
		6BAC1E88272136510033D77C /* CursoIndivView.swift in Sources */ = {isa = PBXBuildFile; fileRef = 6BAC1E87272136510033D77C /* CursoIndivView.swift */; };
		6BAE7AED27207AD50036B4D2 /* MarcoBoletosView.swift in Sources */ = {isa = PBXBuildFile; fileRef = 6BAE7AEC27207AD50036B4D2 /* MarcoBoletosView.swift */; };
		6BAE7AEF27207BA50036B4D2 /* UrlWebView.swift in Sources */ = {isa = PBXBuildFile; fileRef = 6BAE7AEE27207BA50036B4D2 /* UrlWebView.swift */; };
		6BAE7AF127207D630036B4D2 /* MarcoTiendaView.swift in Sources */ = {isa = PBXBuildFile; fileRef = 6BAE7AF027207D630036B4D2 /* MarcoTiendaView.swift */; };
		6BD23F5C272284900066F9CD /* HorariosViewModel.swift in Sources */ = {isa = PBXBuildFile; fileRef = 6BD23F5B272284900066F9CD /* HorariosViewModel.swift */; };
		6BD23F5E2722A00D0066F9CD /* HorariosDisponibles.swift in Sources */ = {isa = PBXBuildFile; fileRef = 6BD23F5D2722A00D0066F9CD /* HorariosDisponibles.swift */; };
		6BD23F612722A05C0066F9CD /* GetHorariosModel.swift in Sources */ = {isa = PBXBuildFile; fileRef = 6BD23F602722A05B0066F9CD /* GetHorariosModel.swift */; };
		A51A9EAC26E5D306003213EC /* PaginaInicioView.swift in Sources */ = {isa = PBXBuildFile; fileRef = A51A9EAB26E5D306003213EC /* PaginaInicioView.swift */; };
		A51A9EB026E5D6AE003213EC /* CardView.swift in Sources */ = {isa = PBXBuildFile; fileRef = A51A9EAF26E5D6AE003213EC /* CardView.swift */; };
		E62D3B27271F449F00217E76 /* ExhibicionView.swift in Sources */ = {isa = PBXBuildFile; fileRef = E62D3B26271F449F00217E76 /* ExhibicionView.swift */; };
		E64019E9271DDBA900E42E9F /* PaginaAccountView.swift in Sources */ = {isa = PBXBuildFile; fileRef = E64019E8271DDBA900E42E9F /* PaginaAccountView.swift */; };
		E64642A626E67F8D005C3DCD /* RestauranteView.swift in Sources */ = {isa = PBXBuildFile; fileRef = E64642A526E67F8D005C3DCD /* RestauranteView.swift */; };
		E650490426E9284900593255 /* WebView.swift in Sources */ = {isa = PBXBuildFile; fileRef = E650490326E9284900593255 /* WebView.swift */; };
		E65EB1AF270C020600E1B5BD /* LoginViewModel.swift in Sources */ = {isa = PBXBuildFile; fileRef = E65EB1AE270C020600E1B5BD /* LoginViewModel.swift */; };
		E65EB1B2270C031800E1B5BD /* AuthWebServices.swift in Sources */ = {isa = PBXBuildFile; fileRef = E65EB1B1270C031800E1B5BD /* AuthWebServices.swift */; };
		E66ACD50271915F2004FEE50 /* PaginaSignupView.swift in Sources */ = {isa = PBXBuildFile; fileRef = E66ACD4F271915F2004FEE50 /* PaginaSignupView.swift */; };
		E66ACD5227191656004FEE50 /* SignupViewModel.swift in Sources */ = {isa = PBXBuildFile; fileRef = E66ACD5127191656004FEE50 /* SignupViewModel.swift */; };
		E6D1947F26E2A96B001BFA02 /* ProyectoMARCOApp.swift in Sources */ = {isa = PBXBuildFile; fileRef = E6D1947E26E2A96B001BFA02 /* ProyectoMARCOApp.swift */; };
		E6D1948126E2A96B001BFA02 /* MainView.swift in Sources */ = {isa = PBXBuildFile; fileRef = E6D1948026E2A96B001BFA02 /* MainView.swift */; };
		E6D1948326E2A96E001BFA02 /* Assets.xcassets in Resources */ = {isa = PBXBuildFile; fileRef = E6D1948226E2A96E001BFA02 /* Assets.xcassets */; };
		E6D1948626E2A96E001BFA02 /* Preview Assets.xcassets in Resources */ = {isa = PBXBuildFile; fileRef = E6D1948526E2A96E001BFA02 /* Preview Assets.xcassets */; };
		E6EDB25C27212568002E1336 /* VideoWebView.swift in Sources */ = {isa = PBXBuildFile; fileRef = E6EDB25B27212568002E1336 /* VideoWebView.swift */; };
		E6EDB25E272125BF002E1336 /* ExhibicionDetailView.swift in Sources */ = {isa = PBXBuildFile; fileRef = E6EDB25D272125BF002E1336 /* ExhibicionDetailView.swift */; };
		E6EDB26027212A75002E1336 /* RecorreMarcoView.swift in Sources */ = {isa = PBXBuildFile; fileRef = E6EDB25F27212A75002E1336 /* RecorreMarcoView.swift */; };
		E6EDB2642721308B002E1336 /* CursoDetailView.swift in Sources */ = {isa = PBXBuildFile; fileRef = E6EDB2632721308B002E1336 /* CursoDetailView.swift */; };
		E6F56C8026E7CBE90051F30D /* MenuView.swift in Sources */ = {isa = PBXBuildFile; fileRef = E6F56C7F26E7CBE90051F30D /* MenuView.swift */; };
		E6F56C8226E7CBFB0051F30D /* ReservaMesaView.swift in Sources */ = {isa = PBXBuildFile; fileRef = E6F56C8126E7CBFB0051F30D /* ReservaMesaView.swift */; };
		FE851AAC26EC07670095FA77 /* VisitasMenuView.swift in Sources */ = {isa = PBXBuildFile; fileRef = FE851AAB26EC07670095FA77 /* VisitasMenuView.swift */; };
		FE851AAE26EC23430095FA77 /* VisitasGuiadasView.swift in Sources */ = {isa = PBXBuildFile; fileRef = FE851AAD26EC23430095FA77 /* VisitasGuiadasView.swift */; };
		FE851AB026EC2E850095FA77 /* RecuadroVisita.swift in Sources */ = {isa = PBXBuildFile; fileRef = FE851AAF26EC2E850095FA77 /* RecuadroVisita.swift */; };
		FED8C38226E871800003086B /* AgendaVisitasView.swift in Sources */ = {isa = PBXBuildFile; fileRef = FED8C38126E871800003086B /* AgendaVisitasView.swift */; };
		FED8C38426E871B00003086B /* BotonImagen.swift in Sources */ = {isa = PBXBuildFile; fileRef = FED8C38326E871B00003086B /* BotonImagen.swift */; };
		FED8C38626E871E00003086B /* PaginaMuseoView.swift in Sources */ = {isa = PBXBuildFile; fileRef = FED8C38526E871E00003086B /* PaginaMuseoView.swift */; };
		FED8C38826E8720E0003086B /* RecorridoVirualView.swift in Sources */ = {isa = PBXBuildFile; fileRef = FED8C38726E8720E0003086B /* RecorridoVirualView.swift */; };
		FED8C38A26E8724F0003086B /* NavApperanceModifier.swift in Sources */ = {isa = PBXBuildFile; fileRef = FED8C38926E8724F0003086B /* NavApperanceModifier.swift */; };
		FED8C38C26E89F6C0003086B /* CursosView.swift in Sources */ = {isa = PBXBuildFile; fileRef = FED8C38B26E89F6C0003086B /* CursosView.swift */; };
/* End PBXBuildFile section */

/* Begin PBXFileReference section */
		6B194ACC2721FE3B00D2F896 /* WebService.swift */ = {isa = PBXFileReference; lastKnownFileType = sourcecode.swift; path = WebService.swift; sourceTree = "<group>"; };
		6B7BAA5226E7E05A00150849 /* PaginaLoginView.swift */ = {isa = PBXFileReference; lastKnownFileType = sourcecode.swift; path = PaginaLoginView.swift; sourceTree = "<group>"; };
		6BAC1E87272136510033D77C /* CursoIndivView.swift */ = {isa = PBXFileReference; lastKnownFileType = sourcecode.swift; path = CursoIndivView.swift; sourceTree = "<group>"; };
		6BAE7AEC27207AD50036B4D2 /* MarcoBoletosView.swift */ = {isa = PBXFileReference; lastKnownFileType = sourcecode.swift; path = MarcoBoletosView.swift; sourceTree = "<group>"; };
		6BAE7AEE27207BA50036B4D2 /* UrlWebView.swift */ = {isa = PBXFileReference; lastKnownFileType = sourcecode.swift; path = UrlWebView.swift; sourceTree = "<group>"; };
		6BAE7AF027207D630036B4D2 /* MarcoTiendaView.swift */ = {isa = PBXFileReference; lastKnownFileType = sourcecode.swift; path = MarcoTiendaView.swift; sourceTree = "<group>"; };
		6BD23F5B272284900066F9CD /* HorariosViewModel.swift */ = {isa = PBXFileReference; lastKnownFileType = sourcecode.swift; path = HorariosViewModel.swift; sourceTree = "<group>"; };
		6BD23F5D2722A00D0066F9CD /* HorariosDisponibles.swift */ = {isa = PBXFileReference; lastKnownFileType = sourcecode.swift; path = HorariosDisponibles.swift; sourceTree = "<group>"; };
		6BD23F602722A05B0066F9CD /* GetHorariosModel.swift */ = {isa = PBXFileReference; lastKnownFileType = sourcecode.swift; path = GetHorariosModel.swift; sourceTree = "<group>"; };
		A51A9EAB26E5D306003213EC /* PaginaInicioView.swift */ = {isa = PBXFileReference; lastKnownFileType = sourcecode.swift; path = PaginaInicioView.swift; sourceTree = "<group>"; };
		A51A9EAF26E5D6AE003213EC /* CardView.swift */ = {isa = PBXFileReference; lastKnownFileType = sourcecode.swift; path = CardView.swift; sourceTree = "<group>"; };
		E62D3B26271F449F00217E76 /* ExhibicionView.swift */ = {isa = PBXFileReference; lastKnownFileType = sourcecode.swift; path = ExhibicionView.swift; sourceTree = "<group>"; };
		E64019E8271DDBA900E42E9F /* PaginaAccountView.swift */ = {isa = PBXFileReference; lastKnownFileType = sourcecode.swift; path = PaginaAccountView.swift; sourceTree = "<group>"; };
		E64642A526E67F8D005C3DCD /* RestauranteView.swift */ = {isa = PBXFileReference; lastKnownFileType = sourcecode.swift; path = RestauranteView.swift; sourceTree = "<group>"; };
		E650490326E9284900593255 /* WebView.swift */ = {isa = PBXFileReference; lastKnownFileType = sourcecode.swift; path = WebView.swift; sourceTree = "<group>"; };
		E65EB1AE270C020600E1B5BD /* LoginViewModel.swift */ = {isa = PBXFileReference; lastKnownFileType = sourcecode.swift; path = LoginViewModel.swift; sourceTree = "<group>"; };
		E65EB1B1270C031800E1B5BD /* AuthWebServices.swift */ = {isa = PBXFileReference; lastKnownFileType = sourcecode.swift; path = AuthWebServices.swift; sourceTree = "<group>"; };
		E66ACD4F271915F2004FEE50 /* PaginaSignupView.swift */ = {isa = PBXFileReference; lastKnownFileType = sourcecode.swift; path = PaginaSignupView.swift; sourceTree = "<group>"; };
		E66ACD5127191656004FEE50 /* SignupViewModel.swift */ = {isa = PBXFileReference; lastKnownFileType = sourcecode.swift; path = SignupViewModel.swift; sourceTree = "<group>"; };
		E6D1947B26E2A96B001BFA02 /* ProyectoMARCO.app */ = {isa = PBXFileReference; explicitFileType = wrapper.application; includeInIndex = 0; path = ProyectoMARCO.app; sourceTree = BUILT_PRODUCTS_DIR; };
		E6D1947E26E2A96B001BFA02 /* ProyectoMARCOApp.swift */ = {isa = PBXFileReference; lastKnownFileType = sourcecode.swift; path = ProyectoMARCOApp.swift; sourceTree = "<group>"; };
		E6D1948026E2A96B001BFA02 /* MainView.swift */ = {isa = PBXFileReference; lastKnownFileType = sourcecode.swift; path = MainView.swift; sourceTree = "<group>"; };
		E6D1948226E2A96E001BFA02 /* Assets.xcassets */ = {isa = PBXFileReference; lastKnownFileType = folder.assetcatalog; path = Assets.xcassets; sourceTree = "<group>"; };
		E6D1948526E2A96E001BFA02 /* Preview Assets.xcassets */ = {isa = PBXFileReference; lastKnownFileType = folder.assetcatalog; path = "Preview Assets.xcassets"; sourceTree = "<group>"; };
		E6D1948726E2A96E001BFA02 /* Info.plist */ = {isa = PBXFileReference; lastKnownFileType = text.plist.xml; path = Info.plist; sourceTree = "<group>"; };
		E6EDB25B27212568002E1336 /* VideoWebView.swift */ = {isa = PBXFileReference; lastKnownFileType = sourcecode.swift; path = VideoWebView.swift; sourceTree = "<group>"; };
		E6EDB25D272125BF002E1336 /* ExhibicionDetailView.swift */ = {isa = PBXFileReference; lastKnownFileType = sourcecode.swift; path = ExhibicionDetailView.swift; sourceTree = "<group>"; };
		E6EDB25F27212A75002E1336 /* RecorreMarcoView.swift */ = {isa = PBXFileReference; lastKnownFileType = sourcecode.swift; path = RecorreMarcoView.swift; sourceTree = "<group>"; };
		E6EDB2632721308B002E1336 /* CursoDetailView.swift */ = {isa = PBXFileReference; lastKnownFileType = sourcecode.swift; path = CursoDetailView.swift; sourceTree = "<group>"; };
		E6F56C7F26E7CBE90051F30D /* MenuView.swift */ = {isa = PBXFileReference; lastKnownFileType = sourcecode.swift; path = MenuView.swift; sourceTree = "<group>"; };
		E6F56C8126E7CBFB0051F30D /* ReservaMesaView.swift */ = {isa = PBXFileReference; lastKnownFileType = sourcecode.swift; path = ReservaMesaView.swift; sourceTree = "<group>"; };
		FE851AAB26EC07670095FA77 /* VisitasMenuView.swift */ = {isa = PBXFileReference; lastKnownFileType = sourcecode.swift; path = VisitasMenuView.swift; sourceTree = "<group>"; };
		FE851AAD26EC23430095FA77 /* VisitasGuiadasView.swift */ = {isa = PBXFileReference; lastKnownFileType = sourcecode.swift; path = VisitasGuiadasView.swift; sourceTree = "<group>"; };
		FE851AAF26EC2E850095FA77 /* RecuadroVisita.swift */ = {isa = PBXFileReference; lastKnownFileType = sourcecode.swift; path = RecuadroVisita.swift; sourceTree = "<group>"; };
		FED8C38126E871800003086B /* AgendaVisitasView.swift */ = {isa = PBXFileReference; lastKnownFileType = sourcecode.swift; path = AgendaVisitasView.swift; sourceTree = "<group>"; };
		FED8C38326E871B00003086B /* BotonImagen.swift */ = {isa = PBXFileReference; lastKnownFileType = sourcecode.swift; path = BotonImagen.swift; sourceTree = "<group>"; };
		FED8C38526E871E00003086B /* PaginaMuseoView.swift */ = {isa = PBXFileReference; lastKnownFileType = sourcecode.swift; path = PaginaMuseoView.swift; sourceTree = "<group>"; };
		FED8C38726E8720E0003086B /* RecorridoVirualView.swift */ = {isa = PBXFileReference; lastKnownFileType = sourcecode.swift; path = RecorridoVirualView.swift; sourceTree = "<group>"; };
		FED8C38926E8724F0003086B /* NavApperanceModifier.swift */ = {isa = PBXFileReference; lastKnownFileType = sourcecode.swift; path = NavApperanceModifier.swift; sourceTree = "<group>"; };
		FED8C38B26E89F6C0003086B /* CursosView.swift */ = {isa = PBXFileReference; lastKnownFileType = sourcecode.swift; path = CursosView.swift; sourceTree = "<group>"; };
/* End PBXFileReference section */

/* Begin PBXFrameworksBuildPhase section */
		E6D1947826E2A96B001BFA02 /* Frameworks */ = {
			isa = PBXFrameworksBuildPhase;
			buildActionMask = 2147483647;
			files = (
			);
			runOnlyForDeploymentPostprocessing = 0;
		};
/* End PBXFrameworksBuildPhase section */

/* Begin PBXGroup section */
		6B7BAA5126E7E04200150849 /* PaginaLogin */ = {
			isa = PBXGroup;
			children = (
				6B7BAA5226E7E05A00150849 /* PaginaLoginView.swift */,
			);
			path = PaginaLogin;
			sourceTree = "<group>";
		};
		6BD23F5F2722A0450066F9CD /* Models */ = {
			isa = PBXGroup;
			children = (
				6BD23F602722A05B0066F9CD /* GetHorariosModel.swift */,
			);
			path = Models;
			sourceTree = "<group>";
		};
		A51A9EAA26E5D288003213EC /* PaginaInicio */ = {
			isa = PBXGroup;
			children = (
				A51A9EAB26E5D306003213EC /* PaginaInicioView.swift */,
				A51A9EAF26E5D6AE003213EC /* CardView.swift */,
			);
			path = PaginaInicio;
			sourceTree = "<group>";
		};
		E64019E7271DDB9A00E42E9F /* PaginaAccount */ = {
			isa = PBXGroup;
			children = (
				E64019E8271DDBA900E42E9F /* PaginaAccountView.swift */,
			);
			path = PaginaAccount;
			sourceTree = "<group>";
		};
		E64642A426E67F7E005C3DCD /* Restaurante */ = {
			isa = PBXGroup;
			children = (
				E64642A526E67F8D005C3DCD /* RestauranteView.swift */,
				E6F56C7F26E7CBE90051F30D /* MenuView.swift */,
				E6F56C8126E7CBFB0051F30D /* ReservaMesaView.swift */,
			);
			path = Restaurante;
			sourceTree = "<group>";
		};
		E65EB1AD270C019E00E1B5BD /* ViewModel */ = {
			isa = PBXGroup;
			children = (
				E65EB1AE270C020600E1B5BD /* LoginViewModel.swift */,
				E66ACD5127191656004FEE50 /* SignupViewModel.swift */,
				6BD23F5B272284900066F9CD /* HorariosViewModel.swift */,
			);
			path = ViewModel;
			sourceTree = "<group>";
		};
		E65EB1B0270C02FC00E1B5BD /* Services */ = {
			isa = PBXGroup;
			children = (
				E65EB1B1270C031800E1B5BD /* AuthWebServices.swift */,
				6B194ACC2721FE3B00D2F896 /* WebService.swift */,
			);
			path = Services;
			sourceTree = "<group>";
		};
		E66ACD4E271915D8004FEE50 /* PaginaSignup */ = {
			isa = PBXGroup;
			children = (
				E66ACD4F271915F2004FEE50 /* PaginaSignupView.swift */,
			);
			path = PaginaSignup;
			sourceTree = "<group>";
		};
		E6D1947226E2A96B001BFA02 = {
			isa = PBXGroup;
			children = (
				E6D1947D26E2A96B001BFA02 /* ProyectoMARCO */,
				E6D1947C26E2A96B001BFA02 /* Products */,
			);
			sourceTree = "<group>";
		};
		E6D1947C26E2A96B001BFA02 /* Products */ = {
			isa = PBXGroup;
			children = (
				E6D1947B26E2A96B001BFA02 /* ProyectoMARCO.app */,
			);
			name = Products;
			sourceTree = "<group>";
		};
		E6D1947D26E2A96B001BFA02 /* ProyectoMARCO */ = {
			isa = PBXGroup;
			children = (
				6BD23F5F2722A0450066F9CD /* Models */,
				E64019E7271DDB9A00E42E9F /* PaginaAccount */,
				E66ACD4E271915D8004FEE50 /* PaginaSignup */,
				E65EB1B0270C02FC00E1B5BD /* Services */,
				E65EB1AD270C019E00E1B5BD /* ViewModel */,
				FED8C37E26E8712C0003086B /* Museo */,
				6B7BAA5126E7E04200150849 /* PaginaLogin */,
				A51A9EAA26E5D288003213EC /* PaginaInicio */,
				E64642A426E67F7E005C3DCD /* Restaurante */,
				E6D1947E26E2A96B001BFA02 /* ProyectoMARCOApp.swift */,
				E6D1948026E2A96B001BFA02 /* MainView.swift */,
				E650490326E9284900593255 /* WebView.swift */,
				FED8C38926E8724F0003086B /* NavApperanceModifier.swift */,
				6BAE7AEE27207BA50036B4D2 /* UrlWebView.swift */,
				E6D1948226E2A96E001BFA02 /* Assets.xcassets */,
				E6D1948726E2A96E001BFA02 /* Info.plist */,
				E6D1948426E2A96E001BFA02 /* Preview Content */,
				E6EDB25B27212568002E1336 /* VideoWebView.swift */,
			);
			path = ProyectoMARCO;
			sourceTree = "<group>";
		};
		E6D1948426E2A96E001BFA02 /* Preview Content */ = {
			isa = PBXGroup;
			children = (
				E6D1948526E2A96E001BFA02 /* Preview Assets.xcassets */,
			);
			path = "Preview Content";
			sourceTree = "<group>";
		};
		FED8C37E26E8712C0003086B /* Museo */ = {
			isa = PBXGroup;
			children = (
				FED8C38126E871800003086B /* AgendaVisitasView.swift */,
				6BD23F5D2722A00D0066F9CD /* HorariosDisponibles.swift */,
				FED8C38326E871B00003086B /* BotonImagen.swift */,
				FED8C38526E871E00003086B /* PaginaMuseoView.swift */,
				FED8C38726E8720E0003086B /* RecorridoVirualView.swift */,
				FED8C38B26E89F6C0003086B /* CursosView.swift */,
				FE851AAB26EC07670095FA77 /* VisitasMenuView.swift */,
				FE851AAD26EC23430095FA77 /* VisitasGuiadasView.swift */,
				FE851AAF26EC2E850095FA77 /* RecuadroVisita.swift */,
				E62D3B26271F449F00217E76 /* ExhibicionView.swift */,
				6BAE7AEC27207AD50036B4D2 /* MarcoBoletosView.swift */,
				6BAE7AF027207D630036B4D2 /* MarcoTiendaView.swift */,
				E6EDB25D272125BF002E1336 /* ExhibicionDetailView.swift */,
				E6EDB25F27212A75002E1336 /* RecorreMarcoView.swift */,
				E6EDB2632721308B002E1336 /* CursoDetailView.swift */,
				6BAC1E87272136510033D77C /* CursoIndivView.swift */,
			);
			path = Museo;
			sourceTree = "<group>";
		};
/* End PBXGroup section */

/* Begin PBXNativeTarget section */
		E6D1947A26E2A96B001BFA02 /* ProyectoMARCO */ = {
			isa = PBXNativeTarget;
			buildConfigurationList = E6D1948A26E2A96E001BFA02 /* Build configuration list for PBXNativeTarget "ProyectoMARCO" */;
			buildPhases = (
				E6D1947726E2A96B001BFA02 /* Sources */,
				E6D1947826E2A96B001BFA02 /* Frameworks */,
				E6D1947926E2A96B001BFA02 /* Resources */,
			);
			buildRules = (
			);
			dependencies = (
			);
			name = ProyectoMARCO;
			productName = ProyectoMARCO;
			productReference = E6D1947B26E2A96B001BFA02 /* ProyectoMARCO.app */;
			productType = "com.apple.product-type.application";
		};
/* End PBXNativeTarget section */

/* Begin PBXProject section */
		E6D1947326E2A96B001BFA02 /* Project object */ = {
			isa = PBXProject;
			attributes = {
				LastSwiftUpdateCheck = 1250;
				LastUpgradeCheck = 1250;
				TargetAttributes = {
					E6D1947A26E2A96B001BFA02 = {
						CreatedOnToolsVersion = 12.5.1;
					};
				};
			};
			buildConfigurationList = E6D1947626E2A96B001BFA02 /* Build configuration list for PBXProject "ProyectoMARCO" */;
			compatibilityVersion = "Xcode 9.3";
			developmentRegion = en;
			hasScannedForEncodings = 0;
			knownRegions = (
				en,
				Base,
			);
			mainGroup = E6D1947226E2A96B001BFA02;
			productRefGroup = E6D1947C26E2A96B001BFA02 /* Products */;
			projectDirPath = "";
			projectRoot = "";
			targets = (
				E6D1947A26E2A96B001BFA02 /* ProyectoMARCO */,
			);
		};
/* End PBXProject section */

/* Begin PBXResourcesBuildPhase section */
		E6D1947926E2A96B001BFA02 /* Resources */ = {
			isa = PBXResourcesBuildPhase;
			buildActionMask = 2147483647;
			files = (
				E6D1948626E2A96E001BFA02 /* Preview Assets.xcassets in Resources */,
				E6D1948326E2A96E001BFA02 /* Assets.xcassets in Resources */,
			);
			runOnlyForDeploymentPostprocessing = 0;
		};
/* End PBXResourcesBuildPhase section */

/* Begin PBXSourcesBuildPhase section */
		E6D1947726E2A96B001BFA02 /* Sources */ = {
			isa = PBXSourcesBuildPhase;
			buildActionMask = 2147483647;
			files = (
				E6EDB26027212A75002E1336 /* RecorreMarcoView.swift in Sources */,
				6B7BAA5326E7E05A00150849 /* PaginaLoginView.swift in Sources */,
				E650490426E9284900593255 /* WebView.swift in Sources */,
				FE851AAC26EC07670095FA77 /* VisitasMenuView.swift in Sources */,
				6B194ACD2721FE3B00D2F896 /* WebService.swift in Sources */,
				FE851AB026EC2E850095FA77 /* RecuadroVisita.swift in Sources */,
				E6F56C8026E7CBE90051F30D /* MenuView.swift in Sources */,
				E6F56C8226E7CBFB0051F30D /* ReservaMesaView.swift in Sources */,
				6BAE7AEF27207BA50036B4D2 /* UrlWebView.swift in Sources */,
				FED8C38C26E89F6C0003086B /* CursosView.swift in Sources */,
				E6EDB25C27212568002E1336 /* VideoWebView.swift in Sources */,
				E6EDB2642721308B002E1336 /* CursoDetailView.swift in Sources */,
				FED8C38826E8720E0003086B /* RecorridoVirualView.swift in Sources */,
				FE851AAE26EC23430095FA77 /* VisitasGuiadasView.swift in Sources */,
				E6D1948126E2A96B001BFA02 /* MainView.swift in Sources */,
				E64019E9271DDBA900E42E9F /* PaginaAccountView.swift in Sources */,
				6BD23F612722A05C0066F9CD /* GetHorariosModel.swift in Sources */,
				FED8C38626E871E00003086B /* PaginaMuseoView.swift in Sources */,
				E6D1948126E2A96B001BFA02 /* MainView.swift in Sources */,
				E64642A626E67F8D005C3DCD /* RestauranteView.swift in Sources */,
				E65EB1B2270C031800E1B5BD /* AuthWebServices.swift in Sources */,
				E6EDB25E272125BF002E1336 /* ExhibicionDetailView.swift in Sources */,
				FED8C38A26E8724F0003086B /* NavApperanceModifier.swift in Sources */,
				E6D1947F26E2A96B001BFA02 /* ProyectoMARCOApp.swift in Sources */,
				FED8C38226E871800003086B /* AgendaVisitasView.swift in Sources */,
				E66ACD5227191656004FEE50 /* SignupViewModel.swift in Sources */,
				6BD23F5C272284900066F9CD /* HorariosViewModel.swift in Sources */,
				A51A9EB026E5D6AE003213EC /* CardView.swift in Sources */,
				6BD23F5E2722A00D0066F9CD /* HorariosDisponibles.swift in Sources */,
				E66ACD50271915F2004FEE50 /* PaginaSignupView.swift in Sources */,
				6BAC1E88272136510033D77C /* CursoIndivView.swift in Sources */,
				A51A9EAC26E5D306003213EC /* PaginaInicioView.swift in Sources */,
				FED8C38426E871B00003086B /* BotonImagen.swift in Sources */,
				E65EB1AF270C020600E1B5BD /* LoginViewModel.swift in Sources */,
				E62D3B27271F449F00217E76 /* ExhibicionView.swift in Sources */,
				6BAE7AF127207D630036B4D2 /* MarcoTiendaView.swift in Sources */,
				6BAE7AED27207AD50036B4D2 /* MarcoBoletosView.swift in Sources */,
			);
			runOnlyForDeploymentPostprocessing = 0;
		};
/* End PBXSourcesBuildPhase section */

/* Begin XCBuildConfiguration section */
		E6D1948826E2A96E001BFA02 /* Debug */ = {
			isa = XCBuildConfiguration;
			buildSettings = {
				ALWAYS_SEARCH_USER_PATHS = NO;
				CLANG_ANALYZER_NONNULL = YES;
				CLANG_ANALYZER_NUMBER_OBJECT_CONVERSION = YES_AGGRESSIVE;
				CLANG_CXX_LANGUAGE_STANDARD = "gnu++14";
				CLANG_CXX_LIBRARY = "libc++";
				CLANG_ENABLE_MODULES = YES;
				CLANG_ENABLE_OBJC_ARC = YES;
				CLANG_ENABLE_OBJC_WEAK = YES;
				CLANG_WARN_BLOCK_CAPTURE_AUTORELEASING = YES;
				CLANG_WARN_BOOL_CONVERSION = YES;
				CLANG_WARN_COMMA = YES;
				CLANG_WARN_CONSTANT_CONVERSION = YES;
				CLANG_WARN_DEPRECATED_OBJC_IMPLEMENTATIONS = YES;
				CLANG_WARN_DIRECT_OBJC_ISA_USAGE = YES_ERROR;
				CLANG_WARN_DOCUMENTATION_COMMENTS = YES;
				CLANG_WARN_EMPTY_BODY = YES;
				CLANG_WARN_ENUM_CONVERSION = YES;
				CLANG_WARN_INFINITE_RECURSION = YES;
				CLANG_WARN_INT_CONVERSION = YES;
				CLANG_WARN_NON_LITERAL_NULL_CONVERSION = YES;
				CLANG_WARN_OBJC_IMPLICIT_RETAIN_SELF = YES;
				CLANG_WARN_OBJC_LITERAL_CONVERSION = YES;
				CLANG_WARN_OBJC_ROOT_CLASS = YES_ERROR;
				CLANG_WARN_QUOTED_INCLUDE_IN_FRAMEWORK_HEADER = YES;
				CLANG_WARN_RANGE_LOOP_ANALYSIS = YES;
				CLANG_WARN_STRICT_PROTOTYPES = YES;
				CLANG_WARN_SUSPICIOUS_MOVE = YES;
				CLANG_WARN_UNGUARDED_AVAILABILITY = YES_AGGRESSIVE;
				CLANG_WARN_UNREACHABLE_CODE = YES;
				CLANG_WARN__DUPLICATE_METHOD_MATCH = YES;
				COPY_PHASE_STRIP = NO;
				DEBUG_INFORMATION_FORMAT = dwarf;
				ENABLE_STRICT_OBJC_MSGSEND = YES;
				ENABLE_TESTABILITY = YES;
				GCC_C_LANGUAGE_STANDARD = gnu11;
				GCC_DYNAMIC_NO_PIC = NO;
				GCC_NO_COMMON_BLOCKS = YES;
				GCC_OPTIMIZATION_LEVEL = 0;
				GCC_PREPROCESSOR_DEFINITIONS = (
					"DEBUG=1",
					"$(inherited)",
				);
				GCC_WARN_64_TO_32_BIT_CONVERSION = YES;
				GCC_WARN_ABOUT_RETURN_TYPE = YES_ERROR;
				GCC_WARN_UNDECLARED_SELECTOR = YES;
				GCC_WARN_UNINITIALIZED_AUTOS = YES_AGGRESSIVE;
				GCC_WARN_UNUSED_FUNCTION = YES;
				GCC_WARN_UNUSED_VARIABLE = YES;
				IPHONEOS_DEPLOYMENT_TARGET = 14.5;
				MTL_ENABLE_DEBUG_INFO = INCLUDE_SOURCE;
				MTL_FAST_MATH = YES;
				ONLY_ACTIVE_ARCH = YES;
				SDKROOT = iphoneos;
				SWIFT_ACTIVE_COMPILATION_CONDITIONS = DEBUG;
				SWIFT_OPTIMIZATION_LEVEL = "-Onone";
			};
			name = Debug;
		};
		E6D1948926E2A96E001BFA02 /* Release */ = {
			isa = XCBuildConfiguration;
			buildSettings = {
				ALWAYS_SEARCH_USER_PATHS = NO;
				CLANG_ANALYZER_NONNULL = YES;
				CLANG_ANALYZER_NUMBER_OBJECT_CONVERSION = YES_AGGRESSIVE;
				CLANG_CXX_LANGUAGE_STANDARD = "gnu++14";
				CLANG_CXX_LIBRARY = "libc++";
				CLANG_ENABLE_MODULES = YES;
				CLANG_ENABLE_OBJC_ARC = YES;
				CLANG_ENABLE_OBJC_WEAK = YES;
				CLANG_WARN_BLOCK_CAPTURE_AUTORELEASING = YES;
				CLANG_WARN_BOOL_CONVERSION = YES;
				CLANG_WARN_COMMA = YES;
				CLANG_WARN_CONSTANT_CONVERSION = YES;
				CLANG_WARN_DEPRECATED_OBJC_IMPLEMENTATIONS = YES;
				CLANG_WARN_DIRECT_OBJC_ISA_USAGE = YES_ERROR;
				CLANG_WARN_DOCUMENTATION_COMMENTS = YES;
				CLANG_WARN_EMPTY_BODY = YES;
				CLANG_WARN_ENUM_CONVERSION = YES;
				CLANG_WARN_INFINITE_RECURSION = YES;
				CLANG_WARN_INT_CONVERSION = YES;
				CLANG_WARN_NON_LITERAL_NULL_CONVERSION = YES;
				CLANG_WARN_OBJC_IMPLICIT_RETAIN_SELF = YES;
				CLANG_WARN_OBJC_LITERAL_CONVERSION = YES;
				CLANG_WARN_OBJC_ROOT_CLASS = YES_ERROR;
				CLANG_WARN_QUOTED_INCLUDE_IN_FRAMEWORK_HEADER = YES;
				CLANG_WARN_RANGE_LOOP_ANALYSIS = YES;
				CLANG_WARN_STRICT_PROTOTYPES = YES;
				CLANG_WARN_SUSPICIOUS_MOVE = YES;
				CLANG_WARN_UNGUARDED_AVAILABILITY = YES_AGGRESSIVE;
				CLANG_WARN_UNREACHABLE_CODE = YES;
				CLANG_WARN__DUPLICATE_METHOD_MATCH = YES;
				COPY_PHASE_STRIP = NO;
				DEBUG_INFORMATION_FORMAT = "dwarf-with-dsym";
				ENABLE_NS_ASSERTIONS = NO;
				ENABLE_STRICT_OBJC_MSGSEND = YES;
				GCC_C_LANGUAGE_STANDARD = gnu11;
				GCC_NO_COMMON_BLOCKS = YES;
				GCC_WARN_64_TO_32_BIT_CONVERSION = YES;
				GCC_WARN_ABOUT_RETURN_TYPE = YES_ERROR;
				GCC_WARN_UNDECLARED_SELECTOR = YES;
				GCC_WARN_UNINITIALIZED_AUTOS = YES_AGGRESSIVE;
				GCC_WARN_UNUSED_FUNCTION = YES;
				GCC_WARN_UNUSED_VARIABLE = YES;
				IPHONEOS_DEPLOYMENT_TARGET = 14.5;
				MTL_ENABLE_DEBUG_INFO = NO;
				MTL_FAST_MATH = YES;
				SDKROOT = iphoneos;
				SWIFT_COMPILATION_MODE = wholemodule;
				SWIFT_OPTIMIZATION_LEVEL = "-O";
				VALIDATE_PRODUCT = YES;
			};
			name = Release;
		};
		E6D1948B26E2A96E001BFA02 /* Debug */ = {
			isa = XCBuildConfiguration;
			buildSettings = {
				ASSETCATALOG_COMPILER_APPICON_NAME = AppIcon;
				ASSETCATALOG_COMPILER_GLOBAL_ACCENT_COLOR_NAME = AccentColor;
				CODE_SIGN_STYLE = Automatic;
				DEVELOPMENT_ASSET_PATHS = "\"ProyectoMARCO/Preview Content\"";
				DEVELOPMENT_TEAM = 54VG57FWUU;
				ENABLE_PREVIEWS = YES;
				INFOPLIST_FILE = ProyectoMARCO/Info.plist;
				IPHONEOS_DEPLOYMENT_TARGET = 14.0;
				LD_RUNPATH_SEARCH_PATHS = (
					"$(inherited)",
					"@executable_path/Frameworks",
				);
				PRODUCT_BUNDLE_IDENTIFIER = alextorres.ProyectoMARCO;
				PRODUCT_NAME = "$(TARGET_NAME)";
				SWIFT_VERSION = 5.0;
				TARGETED_DEVICE_FAMILY = "1,2";
			};
			name = Debug;
		};
		E6D1948C26E2A96E001BFA02 /* Release */ = {
			isa = XCBuildConfiguration;
			buildSettings = {
				ASSETCATALOG_COMPILER_APPICON_NAME = AppIcon;
				ASSETCATALOG_COMPILER_GLOBAL_ACCENT_COLOR_NAME = AccentColor;
				CODE_SIGN_STYLE = Automatic;
				DEVELOPMENT_ASSET_PATHS = "\"ProyectoMARCO/Preview Content\"";
				DEVELOPMENT_TEAM = 54VG57FWUU;
				ENABLE_PREVIEWS = YES;
				INFOPLIST_FILE = ProyectoMARCO/Info.plist;
				IPHONEOS_DEPLOYMENT_TARGET = 14.0;
				LD_RUNPATH_SEARCH_PATHS = (
					"$(inherited)",
					"@executable_path/Frameworks",
				);
				PRODUCT_BUNDLE_IDENTIFIER = alextorres.ProyectoMARCO;
				PRODUCT_NAME = "$(TARGET_NAME)";
				SWIFT_VERSION = 5.0;
				TARGETED_DEVICE_FAMILY = "1,2";
			};
			name = Release;
		};
/* End XCBuildConfiguration section */

/* Begin XCConfigurationList section */
		E6D1947626E2A96B001BFA02 /* Build configuration list for PBXProject "ProyectoMARCO" */ = {
			isa = XCConfigurationList;
			buildConfigurations = (
				E6D1948826E2A96E001BFA02 /* Debug */,
				E6D1948926E2A96E001BFA02 /* Release */,
			);
			defaultConfigurationIsVisible = 0;
			defaultConfigurationName = Release;
		};
		E6D1948A26E2A96E001BFA02 /* Build configuration list for PBXNativeTarget "ProyectoMARCO" */ = {
			isa = XCConfigurationList;
			buildConfigurations = (
				E6D1948B26E2A96E001BFA02 /* Debug */,
				E6D1948C26E2A96E001BFA02 /* Release */,
			);
			defaultConfigurationIsVisible = 0;
			defaultConfigurationName = Release;
		};
/* End XCConfigurationList section */
	};
	rootObject = E6D1947326E2A96B001BFA02 /* Project object */;
}
